{
  "version": 4,
  "terraform_version": "1.14.3",
  "serial": 36,
  "lineage": "37dd3c0e-7123-fbf7-66c6-fb00c354e51e",
  "outputs": {
    "backend_url": {
      "value": "https://nyoba-cicd-joy-backend.25vc8mhbgyki.us-south.codeengine.appdomain.cloud",
      "type": "string"
    },
    "frontend_url": {
      "value": "https://nyoba-cicd-joy-frontend.25vc8mhbgyki.us-south.codeengine.appdomain.cloud",
      "type": "string"
    },
    "project_id": {
      "value": "0fb88670-9966-4544-86cf-3004f44889b1",
      "type": "string"
    }
  },
  "resources": [
    {
      "mode": "data",
      "type": "ibm_resource_group",
      "name": "default",
      "provider": "provider[\"registry.terraform.io/ibm-cloud/ibm\"]",
      "instances": [
        {
          "schema_version": 0,
          "attributes": {
            "account_id": "9ebe1d729e764a84830627874c472721",
            "created_at": "2026-01-30T05:51:31.115Z",
            "crn": "crn:v1:bluemix:public:resource-controller::a/9ebe1d729e764a84830627874c472721::resource-group:005f396ff0d0441ba403ada4d62bb58a",
            "id": "005f396ff0d0441ba403ada4d62bb58a",
            "is_default": false,
            "name": "itz-wxo-697c4652010cfefe9db664",
            "payment_methods_url": null,
            "quota_id": "a3d7b8d01e261c24677937c29ab33f3c",
            "quota_url": "/v2/quota_definitions/a3d7b8d01e261c24677937c29ab33f3c",
            "resource_linkages": [],
            "state": "ACTIVE",
            "teams_url": null,
            "updated_at": "2026-01-30T05:51:31.115Z"
          },
          "sensitive_attributes": [],
          "identity_schema_version": 0
        }
      ]
    },
    {
      "mode": "managed",
      "type": "ibm_code_engine_project",
      "name": "ce_project",
      "provider": "provider[\"registry.terraform.io/ibm-cloud/ibm\"]",
      "instances": [
        {
          "schema_version": 0,
          "attributes": {
            "account_id": "9ebe1d729e764a84830627874c472721",
            "created_at": "2026-02-02T03:17:42.697170344Z",
            "crn": "crn:v1:bluemix:public:codeengine:us-south:a/9ebe1d729e764a84830627874c472721:0fb88670-9966-4544-86cf-3004f44889b1::",
            "href": "https://api.us-south.codeengine.cloud.ibm.com/v2/projects/0fb88670-9966-4544-86cf-3004f44889b1",
            "id": "0fb88670-9966-4544-86cf-3004f44889b1",
            "name": "nyoba-cicd-joy",
            "project_id": "0fb88670-9966-4544-86cf-3004f44889b1",
            "region": "us-south",
            "resource_group_id": "005f396ff0d0441ba403ada4d62bb58a",
            "resource_type": "project_v2",
            "status": "hard_deleted",
            "timeouts": null
          },
          "sensitive_attributes": [],
          "identity_schema_version": 0,
          "private": "eyJlMmJmYjczMC1lY2FhLTExZTYtOGY4OC0zNDM2M2JjN2M0YzAiOnsiY3JlYXRlIjo2MDAwMDAwMDAwMDB9fQ==",
          "dependencies": [
            "data.ibm_resource_group.default"
          ]
        }
      ]
    }
  ],
  "check_results": null
}
